
Microsoft Visual Studio Solution File, Format Version 12.00
# Visual Studio Version 16
VisualStudioVersion = 16.0.29609.76
MinimumVisualStudioVersion = 10.0.40219.1
Project("{9A19103F-16F7-4668-BE54-9A1E7A4F7556}") = "CaixaEletronicoApi", "CaixaEletronicoApi.csproj", "{E38BE969-E5CB-44BE-B015-D2615AC05C98}"
EndProject
Project("{9A19103F-16F7-4668-BE54-9A1E7A4F7556}") = "CaixaEletronico.Infra", "..\CaixaEletronico.Infra\CaixaEletronico.Infra.csproj", "{2DE21EF3-64DC-4AF3-AE03-45C2CB70CA85}"
EndProject
Project("{9A19103F-16F7-4668-BE54-9A1E7A4F7556}") = "CaixaEletronico.Domain", "..\CaixaEletronico.Domain\CaixaEletronico.Domain.csproj", "{1A8C6E1E-C00C-43EE-8861-167F5D9F64DE}"
EndProject
Project("{9A19103F-16F7-4668-BE54-9A1E7A4F7556}") = "CaixaEletronico.Application", "..\CaixaEletronico.Application\CaixaEletronico.Application.csproj", "{6894EDC0-F5A3-42C4-8159-6623CFEC6924}"
EndProject
Global
	GlobalSection(SolutionConfigurationPlatforms) = preSolution
		Debug|Any CPU = Debug|Any CPU
		Release|Any CPU = Release|Any CPU
	EndGlobalSection
	GlobalSection(ProjectConfigurationPlatforms) = postSolution
		{E38BE969-E5CB-44BE-B015-D2615AC05C98}.Debug|Any CPU.ActiveCfg = Debug|Any CPU
		{E38BE969-E5CB-44BE-B015-D2615AC05C98}.Debug|Any CPU.Build.0 = Debug|Any CPU
		{E38BE969-E5CB-44BE-B015-D2615AC05C98}.Release|Any CPU.ActiveCfg = Release|Any CPU
		{E38BE969-E5CB-44BE-B015-D2615AC05C98}.Release|Any CPU.Build.0 = Release|Any CPU
		{2DE21EF3-64DC-4AF3-AE03-45C2CB70CA85}.Debug|Any CPU.ActiveCfg = Debug|Any CPU
		{2DE21EF3-64DC-4AF3-AE03-45C2CB70CA85}.Debug|Any CPU.Build.0 = Debug|Any CPU
		{2DE21EF3-64DC-4AF3-AE03-45C2CB70CA85}.Release|Any CPU.ActiveCfg = Release|Any CPU
		{2DE21EF3-64DC-4AF3-AE03-45C2CB70CA85}.Release|Any CPU.Build.0 = Release|Any CPU
		{1A8C6E1E-C00C-43EE-8861-167F5D9F64DE}.Debug|Any CPU.ActiveCfg = Debug|Any CPU
		{1A8C6E1E-C00C-43EE-8861-167F5D9F64DE}.Debug|Any CPU.Build.0 = Debug|Any CPU
		{1A8C6E1E-C00C-43EE-8861-167F5D9F64DE}.Release|Any CPU.ActiveCfg = Release|Any CPU
		{1A8C6E1E-C00C-43EE-8861-167F5D9F64DE}.Release|Any CPU.Build.0 = Release|Any CPU
		{6894EDC0-F5A3-42C4-8159-6623CFEC6924}.Debug|Any CPU.ActiveCfg = Debug|Any CPU
		{6894EDC0-F5A3-42C4-8159-6623CFEC6924}.Debug|Any CPU.Build.0 = Debug|Any CPU
		{6894EDC0-F5A3-42C4-8159-6623CFEC6924}.Release|Any CPU.ActiveCfg = Release|Any CPU
		{6894EDC0-F5A3-42C4-8159-6623CFEC6924}.Release|Any CPU.Build.0 = Release|Any CPU
	EndGlobalSection
	GlobalSection(SolutionProperties) = preSolution
		HideSolutionNode = FALSE
	EndGlobalSection
	GlobalSection(ExtensibilityGlobals) = postSolution
		SolutionGuid = {D452AAD4-95E3-4BA5-9D10-FE70AA9FA9FA}
	EndGlobalSection
EndGlobal
